
Microsoft Visual Studio Solution File, Format Version 12.00
# Visual Studio 15
VisualStudioVersion = 15.0.27130.2003
MinimumVisualStudioVersion = 10.0.40219.1
Project("{9A19103F-16F7-4668-BE54-9A1E7A4F7556}") = "Day1", "src\Day1\Day1.csproj", "{660265A5-91D3-45F5-A011-C1F1AD825852}"
EndProject
Project("{9A19103F-16F7-4668-BE54-9A1E7A4F7556}") = "Day2", "src\Day2\Day2.csproj", "{16BD63B3-5B6A-47CB-87D3-45BE6C42737C}"
EndProject
Project("{9A19103F-16F7-4668-BE54-9A1E7A4F7556}") = "Day3", "src\Day3\Day3.csproj", "{D3385E46-20A7-46A8-9A86-C1CDA1F6F57C}"
EndProject
Project("{9A19103F-16F7-4668-BE54-9A1E7A4F7556}") = "Day6", "src\Day6\Day6.csproj", "{9BBA83E1-B6D2-4C91-AE7A-14997B4C930B}"
EndProject
Project("{9A19103F-16F7-4668-BE54-9A1E7A4F7556}") = "Day4", "src\Day4\Day4.csproj", "{B7C598C8-08CE-4B06-96A4-7E604C357DB7}"
EndProject
Project("{9A19103F-16F7-4668-BE54-9A1E7A4F7556}") = "Day5", "src\Day5\Day5.csproj", "{5EF04F42-AFFA-4BC7-BD81-357904C3F8A6}"
EndProject
Project("{9A19103F-16F7-4668-BE54-9A1E7A4F7556}") = "Day7", "src\Day7\Day7.csproj", "{DC9C3FC4-74B7-42BC-9381-CCE05F7B7274}"
EndProject
Project("{888888A0-9F3D-457C-B088-3A5042F75D52}") = "Day8", "src\Day8\Day8.pyproj", "{8CCB485A-7298-4BE6-8624-84D156839731}"
EndProject
Project("{888888A0-9F3D-457C-B088-3A5042F75D52}") = "Day9", "src\Day9\Day9.pyproj", "{694608BE-02E4-4B04-8F61-B7197A9E9D02}"
EndProject
Project("{888888A0-9F3D-457C-B088-3A5042F75D52}") = "Day10", "src\Day10\Day10.pyproj", "{9C4A39AE-6230-4808-A1E2-16A74576B28C}"
EndProject
Project("{888888A0-9F3D-457C-B088-3A5042F75D52}") = "Day13", "src\Day13\Day13.pyproj", "{30E9B2D6-88E4-4569-AE7D-107B721F0B87}"
EndProject
Project("{888888A0-9F3D-457C-B088-3A5042F75D52}") = "Day14", "src\Day14\Day14.pyproj", "{B99D0591-F1F4-4667-BD20-BAE8B3D46F4E}"
EndProject
Project("{888888A0-9F3D-457C-B088-3A5042F75D52}") = "Day15", "src\Day15\Day15.pyproj", "{19F79315-1C1E-450E-99ED-4FF9A4AA8D71}"
EndProject
Project("{888888A0-9F3D-457C-B088-3A5042F75D52}") = "Day16", "src\Day16\Day16.pyproj", "{B45B702C-5AB3-41D1-B330-68821219FE81}"
EndProject
Project("{888888A0-9F3D-457C-B088-3A5042F75D52}") = "Day17", "src\Day17\Day17.pyproj", "{75EFE061-A79D-492D-920E-8A4C2C5D1FA7}"
EndProject
Project("{888888A0-9F3D-457C-B088-3A5042F75D52}") = "Day19", "src\Day19\Day19.pyproj", "{80D94B4A-4514-47F1-ACFA-2DA07E198181}"
EndProject
Project("{888888A0-9F3D-457C-B088-3A5042F75D52}") = "Day11", "src\Day11\Day11.pyproj", "{6DC691B3-68F5-42F0-A80B-601CB95AD744}"
EndProject
Project("{888888A0-9F3D-457C-B088-3A5042F75D52}") = "Day12", "src\Day12\Day12.pyproj", "{154C4317-B729-40FE-A9A3-235F2B7145F9}"
EndProject
Project("{9A19103F-16F7-4668-BE54-9A1E7A4F7556}") = "Day12_cs", "src\Day12_cs\Day12_cs.csproj", "{4FFCDF0D-C327-4761-B49D-B44FAF6EE8D4}"
EndProject
Project("{888888A0-9F3D-457C-B088-3A5042F75D52}") = "Day18", "src\Day18\Day18.pyproj", "{9D4B1D35-8FD4-482D-92CB-7B5BF0F0F4F8}"
EndProject
Project("{888888A0-9F3D-457C-B088-3A5042F75D52}") = "Day20", "src\Day20\Day20.pyproj", "{053511A8-F669-41A3-9559-150401142614}"
EndProject
Global
	GlobalSection(SolutionConfigurationPlatforms) = preSolution
		Debug|Any CPU = Debug|Any CPU
		Release|Any CPU = Release|Any CPU
	EndGlobalSection
	GlobalSection(ProjectConfigurationPlatforms) = postSolution
		{660265A5-91D3-45F5-A011-C1F1AD825852}.Debug|Any CPU.ActiveCfg = Debug|Any CPU
		{660265A5-91D3-45F5-A011-C1F1AD825852}.Debug|Any CPU.Build.0 = Debug|Any CPU
		{660265A5-91D3-45F5-A011-C1F1AD825852}.Release|Any CPU.ActiveCfg = Release|Any CPU
		{660265A5-91D3-45F5-A011-C1F1AD825852}.Release|Any CPU.Build.0 = Release|Any CPU
		{16BD63B3-5B6A-47CB-87D3-45BE6C42737C}.Debug|Any CPU.ActiveCfg = Debug|Any CPU
		{16BD63B3-5B6A-47CB-87D3-45BE6C42737C}.Debug|Any CPU.Build.0 = Debug|Any CPU
		{16BD63B3-5B6A-47CB-87D3-45BE6C42737C}.Release|Any CPU.ActiveCfg = Release|Any CPU
		{16BD63B3-5B6A-47CB-87D3-45BE6C42737C}.Release|Any CPU.Build.0 = Release|Any CPU
		{D3385E46-20A7-46A8-9A86-C1CDA1F6F57C}.Debug|Any CPU.ActiveCfg = Debug|Any CPU
		{D3385E46-20A7-46A8-9A86-C1CDA1F6F57C}.Debug|Any CPU.Build.0 = Debug|Any CPU
		{D3385E46-20A7-46A8-9A86-C1CDA1F6F57C}.Release|Any CPU.ActiveCfg = Release|Any CPU
		{D3385E46-20A7-46A8-9A86-C1CDA1F6F57C}.Release|Any CPU.Build.0 = Release|Any CPU
		{9BBA83E1-B6D2-4C91-AE7A-14997B4C930B}.Debug|Any CPU.ActiveCfg = Debug|Any CPU
		{9BBA83E1-B6D2-4C91-AE7A-14997B4C930B}.Debug|Any CPU.Build.0 = Debug|Any CPU
		{9BBA83E1-B6D2-4C91-AE7A-14997B4C930B}.Release|Any CPU.ActiveCfg = Release|Any CPU
		{9BBA83E1-B6D2-4C91-AE7A-14997B4C930B}.Release|Any CPU.Build.0 = Release|Any CPU
		{B7C598C8-08CE-4B06-96A4-7E604C357DB7}.Debug|Any CPU.ActiveCfg = Debug|Any CPU
		{B7C598C8-08CE-4B06-96A4-7E604C357DB7}.Debug|Any CPU.Build.0 = Debug|Any CPU
		{B7C598C8-08CE-4B06-96A4-7E604C357DB7}.Release|Any CPU.ActiveCfg = Release|Any CPU
		{B7C598C8-08CE-4B06-96A4-7E604C357DB7}.Release|Any CPU.Build.0 = Release|Any CPU
		{5EF04F42-AFFA-4BC7-BD81-357904C3F8A6}.Debug|Any CPU.ActiveCfg = Debug|Any CPU
		{5EF04F42-AFFA-4BC7-BD81-357904C3F8A6}.Debug|Any CPU.Build.0 = Debug|Any CPU
		{5EF04F42-AFFA-4BC7-BD81-357904C3F8A6}.Release|Any CPU.ActiveCfg = Release|Any CPU
		{5EF04F42-AFFA-4BC7-BD81-357904C3F8A6}.Release|Any CPU.Build.0 = Release|Any CPU
		{DC9C3FC4-74B7-42BC-9381-CCE05F7B7274}.Debug|Any CPU.ActiveCfg = Debug|Any CPU
		{DC9C3FC4-74B7-42BC-9381-CCE05F7B7274}.Debug|Any CPU.Build.0 = Debug|Any CPU
		{DC9C3FC4-74B7-42BC-9381-CCE05F7B7274}.Release|Any CPU.ActiveCfg = Release|Any CPU
		{DC9C3FC4-74B7-42BC-9381-CCE05F7B7274}.Release|Any CPU.Build.0 = Release|Any CPU
		{8CCB485A-7298-4BE6-8624-84D156839731}.Debug|Any CPU.ActiveCfg = Debug|Any CPU
		{8CCB485A-7298-4BE6-8624-84D156839731}.Release|Any CPU.ActiveCfg = Release|Any CPU
		{694608BE-02E4-4B04-8F61-B7197A9E9D02}.Debug|Any CPU.ActiveCfg = Debug|Any CPU
		{694608BE-02E4-4B04-8F61-B7197A9E9D02}.Release|Any CPU.ActiveCfg = Release|Any CPU
		{9C4A39AE-6230-4808-A1E2-16A74576B28C}.Debug|Any CPU.ActiveCfg = Debug|Any CPU
		{9C4A39AE-6230-4808-A1E2-16A74576B28C}.Release|Any CPU.ActiveCfg = Release|Any CPU
		{30E9B2D6-88E4-4569-AE7D-107B721F0B87}.Debug|Any CPU.ActiveCfg = Debug|Any CPU
		{30E9B2D6-88E4-4569-AE7D-107B721F0B87}.Release|Any CPU.ActiveCfg = Release|Any CPU
		{B99D0591-F1F4-4667-BD20-BAE8B3D46F4E}.Debug|Any CPU.ActiveCfg = Debug|Any CPU
		{B99D0591-F1F4-4667-BD20-BAE8B3D46F4E}.Release|Any CPU.ActiveCfg = Release|Any CPU
		{19F79315-1C1E-450E-99ED-4FF9A4AA8D71}.Debug|Any CPU.ActiveCfg = Debug|Any CPU
		{19F79315-1C1E-450E-99ED-4FF9A4AA8D71}.Release|Any CPU.ActiveCfg = Release|Any CPU
		{B45B702C-5AB3-41D1-B330-68821219FE81}.Debug|Any CPU.ActiveCfg = Debug|Any CPU
		{B45B702C-5AB3-41D1-B330-68821219FE81}.Release|Any CPU.ActiveCfg = Release|Any CPU
		{75EFE061-A79D-492D-920E-8A4C2C5D1FA7}.Debug|Any CPU.ActiveCfg = Debug|Any CPU
		{75EFE061-A79D-492D-920E-8A4C2C5D1FA7}.Release|Any CPU.ActiveCfg = Release|Any CPU
		{80D94B4A-4514-47F1-ACFA-2DA07E198181}.Debug|Any CPU.ActiveCfg = Debug|Any CPU
		{80D94B4A-4514-47F1-ACFA-2DA07E198181}.Release|Any CPU.ActiveCfg = Release|Any CPU
		{6DC691B3-68F5-42F0-A80B-601CB95AD744}.Debug|Any CPU.ActiveCfg = Debug|Any CPU
		{6DC691B3-68F5-42F0-A80B-601CB95AD744}.Release|Any CPU.ActiveCfg = Release|Any CPU
		{154C4317-B729-40FE-A9A3-235F2B7145F9}.Debug|Any CPU.ActiveCfg = Debug|Any CPU
		{154C4317-B729-40FE-A9A3-235F2B7145F9}.Release|Any CPU.ActiveCfg = Release|Any CPU
		{4FFCDF0D-C327-4761-B49D-B44FAF6EE8D4}.Debug|Any CPU.ActiveCfg = Debug|Any CPU
		{4FFCDF0D-C327-4761-B49D-B44FAF6EE8D4}.Debug|Any CPU.Build.0 = Debug|Any CPU
		{4FFCDF0D-C327-4761-B49D-B44FAF6EE8D4}.Release|Any CPU.ActiveCfg = Release|Any CPU
		{4FFCDF0D-C327-4761-B49D-B44FAF6EE8D4}.Release|Any CPU.Build.0 = Release|Any CPU
		{9D4B1D35-8FD4-482D-92CB-7B5BF0F0F4F8}.Debug|Any CPU.ActiveCfg = Debug|Any CPU
		{9D4B1D35-8FD4-482D-92CB-7B5BF0F0F4F8}.Release|Any CPU.ActiveCfg = Release|Any CPU
		{053511A8-F669-41A3-9559-150401142614}.Debug|Any CPU.ActiveCfg = Debug|Any CPU
		{053511A8-F669-41A3-9559-150401142614}.Release|Any CPU.ActiveCfg = Release|Any CPU
	EndGlobalSection
	GlobalSection(SolutionProperties) = preSolution
		HideSolutionNode = FALSE
	EndGlobalSection
	GlobalSection(ExtensibilityGlobals) = postSolution
		SolutionGuid = {F44756D8-B892-4738-B8BA-438B3118C1B8}
	EndGlobalSection
EndGlobal
