
Microsoft Visual Studio Solution File, Format Version 12.00
# Visual Studio 15
VisualStudioVersion = 15.0.26430.16
MinimumVisualStudioVersion = 10.0.40219.1
Project("{9A19103F-16F7-4668-BE54-9A1E7A4F7556}") = "Day1", "src\Day1\Day1.csproj", "{660265A5-91D3-45F5-A011-C1F1AD825852}"
EndProject
Project("{9A19103F-16F7-4668-BE54-9A1E7A4F7556}") = "Day2", "src\Day2\Day2.csproj", "{16BD63B3-5B6A-47CB-87D3-45BE6C42737C}"
EndProject
Project("{9A19103F-16F7-4668-BE54-9A1E7A4F7556}") = "Day3", "src\Day3\Day3.csproj", "{D3385E46-20A7-46A8-9A86-C1CDA1F6F57C}"
EndProject
Project("{9A19103F-16F7-4668-BE54-9A1E7A4F7556}") = "Day6", "src\Day6\Day6.csproj", "{9BBA83E1-B6D2-4C91-AE7A-14997B4C930B}"
EndProject
Global
	GlobalSection(SolutionConfigurationPlatforms) = preSolution
		Debug|Any CPU = Debug|Any CPU
		Release|Any CPU = Release|Any CPU
	EndGlobalSection
	GlobalSection(ProjectConfigurationPlatforms) = postSolution
		{660265A5-91D3-45F5-A011-C1F1AD825852}.Debug|Any CPU.ActiveCfg = Debug|Any CPU
		{660265A5-91D3-45F5-A011-C1F1AD825852}.Debug|Any CPU.Build.0 = Debug|Any CPU
		{660265A5-91D3-45F5-A011-C1F1AD825852}.Release|Any CPU.ActiveCfg = Release|Any CPU
		{660265A5-91D3-45F5-A011-C1F1AD825852}.Release|Any CPU.Build.0 = Release|Any CPU
		{16BD63B3-5B6A-47CB-87D3-45BE6C42737C}.Debug|Any CPU.ActiveCfg = Debug|Any CPU
		{16BD63B3-5B6A-47CB-87D3-45BE6C42737C}.Debug|Any CPU.Build.0 = Debug|Any CPU
		{16BD63B3-5B6A-47CB-87D3-45BE6C42737C}.Release|Any CPU.ActiveCfg = Release|Any CPU
		{16BD63B3-5B6A-47CB-87D3-45BE6C42737C}.Release|Any CPU.Build.0 = Release|Any CPU
		{D3385E46-20A7-46A8-9A86-C1CDA1F6F57C}.Debug|Any CPU.ActiveCfg = Debug|Any CPU
		{D3385E46-20A7-46A8-9A86-C1CDA1F6F57C}.Debug|Any CPU.Build.0 = Debug|Any CPU
		{D3385E46-20A7-46A8-9A86-C1CDA1F6F57C}.Release|Any CPU.ActiveCfg = Release|Any CPU
		{D3385E46-20A7-46A8-9A86-C1CDA1F6F57C}.Release|Any CPU.Build.0 = Release|Any CPU
		{9BBA83E1-B6D2-4C91-AE7A-14997B4C930B}.Debug|Any CPU.ActiveCfg = Debug|Any CPU
		{9BBA83E1-B6D2-4C91-AE7A-14997B4C930B}.Debug|Any CPU.Build.0 = Debug|Any CPU
		{9BBA83E1-B6D2-4C91-AE7A-14997B4C930B}.Release|Any CPU.ActiveCfg = Release|Any CPU
		{9BBA83E1-B6D2-4C91-AE7A-14997B4C930B}.Release|Any CPU.Build.0 = Release|Any CPU
	EndGlobalSection
	GlobalSection(SolutionProperties) = preSolution
		HideSolutionNode = FALSE
	EndGlobalSection
EndGlobal
